
Microsoft Visual Studio Solution File, Format Version 12.00
# Visual Studio Version 17
VisualStudioVersion = 17.2.32630.192
MinimumVisualStudioVersion = 10.0.40219.1
Project("{FAE04EC0-301F-11D3-BF4B-00C04F79EFBC}") = "A4", "A4\A4.csproj", "{1A311EDE-8E3A-49B3-960A-16683EA864AB}"
EndProject
Project("{FAE04EC0-301F-11D3-BF4B-00C04F79EFBC}") = "Wpf", "Wpf\Wpf.csproj", "{E95DB750-8E08-4335-BA83-EF6265B2B0F0}"
	ProjectSection(ProjectDependencies) = postProject
		{1A311EDE-8E3A-49B3-960A-16683EA864AB} = {1A311EDE-8E3A-49B3-960A-16683EA864AB}
	EndProjectSection
EndProject
Global
	GlobalSection(SolutionConfigurationPlatforms) = preSolution
		Debug|Any CPU = Debug|Any CPU
		Release|Any CPU = Release|Any CPU
	EndGlobalSection
	GlobalSection(ProjectConfigurationPlatforms) = postSolution
		{1A311EDE-8E3A-49B3-960A-16683EA864AB}.Debug|Any CPU.ActiveCfg = Debug|Any CPU
		{1A311EDE-8E3A-49B3-960A-16683EA864AB}.Debug|Any CPU.Build.0 = Debug|Any CPU
		{1A311EDE-8E3A-49B3-960A-16683EA864AB}.Release|Any CPU.ActiveCfg = Release|Any CPU
		{1A311EDE-8E3A-49B3-960A-16683EA864AB}.Release|Any CPU.Build.0 = Release|Any CPU
		{E95DB750-8E08-4335-BA83-EF6265B2B0F0}.Debug|Any CPU.ActiveCfg = Debug|Any CPU
		{E95DB750-8E08-4335-BA83-EF6265B2B0F0}.Debug|Any CPU.Build.0 = Debug|Any CPU
		{E95DB750-8E08-4335-BA83-EF6265B2B0F0}.Release|Any CPU.ActiveCfg = Release|Any CPU
		{E95DB750-8E08-4335-BA83-EF6265B2B0F0}.Release|Any CPU.Build.0 = Release|Any CPU
	EndGlobalSection
	GlobalSection(SolutionProperties) = preSolution
		HideSolutionNode = FALSE
	EndGlobalSection
	GlobalSection(ExtensibilityGlobals) = postSolution
		SolutionGuid = {CC6ADD12-9CA2-4721-A486-BF05D7B5FF15}
	EndGlobalSection
EndGlobal
