
Microsoft Visual Studio Solution File, Format Version 12.00
# Visual Studio Version 17
VisualStudioVersion = 17.2.32630.192
MinimumVisualStudioVersion = 10.0.40219.1
Project("{FAE04EC0-301F-11D3-BF4B-00C04F79EFBC}") = "A3", "A3\A3.csproj", "{FBE69169-5B0D-439D-832F-9FC8C36995A0}"
EndProject
Global
	GlobalSection(SolutionConfigurationPlatforms) = preSolution
		Debug|Any CPU = Debug|Any CPU
		Release|Any CPU = Release|Any CPU
	EndGlobalSection
	GlobalSection(ProjectConfigurationPlatforms) = postSolution
		{FBE69169-5B0D-439D-832F-9FC8C36995A0}.Debug|Any CPU.ActiveCfg = Debug|Any CPU
		{FBE69169-5B0D-439D-832F-9FC8C36995A0}.Debug|Any CPU.Build.0 = Debug|Any CPU
		{FBE69169-5B0D-439D-832F-9FC8C36995A0}.Release|Any CPU.ActiveCfg = Release|Any CPU
		{FBE69169-5B0D-439D-832F-9FC8C36995A0}.Release|Any CPU.Build.0 = Release|Any CPU
	EndGlobalSection
	GlobalSection(SolutionProperties) = preSolution
		HideSolutionNode = FALSE
	EndGlobalSection
	GlobalSection(ExtensibilityGlobals) = postSolution
		SolutionGuid = {19D99588-470A-4479-981B-2112404811A4}
	EndGlobalSection
EndGlobal
